
Microsoft Visual Studio Solution File, Format Version 12.00
# Visual Studio Version 17
VisualStudioVersion = 17.4.33213.308
MinimumVisualStudioVersion = 10.0.40219.1
Project("{FAE04EC0-301F-11D3-BF4B-00C04F79EFBC}") = "assignment 1", "assignment 1.csproj", "{75798D27-2E9B-4161-92BB-A3C2C26438F0}"
EndProject
Global
	GlobalSection(SolutionConfigurationPlatforms) = preSolution
		Debug|Any CPU = Debug|Any CPU
		Release|Any CPU = Release|Any CPU
	EndGlobalSection
	GlobalSection(ProjectConfigurationPlatforms) = postSolution
		{75798D27-2E9B-4161-92BB-A3C2C26438F0}.Debug|Any CPU.ActiveCfg = Debug|Any CPU
		{75798D27-2E9B-4161-92BB-A3C2C26438F0}.Debug|Any CPU.Build.0 = Debug|Any CPU
		{75798D27-2E9B-4161-92BB-A3C2C26438F0}.Release|Any CPU.ActiveCfg = Release|Any CPU
		{75798D27-2E9B-4161-92BB-A3C2C26438F0}.Release|Any CPU.Build.0 = Release|Any CPU
	EndGlobalSection
	GlobalSection(SolutionProperties) = preSolution
		HideSolutionNode = FALSE
	EndGlobalSection
	GlobalSection(ExtensibilityGlobals) = postSolution
		SolutionGuid = {6DBFC477-164A-46DD-BFFE-423939829DE8}
	EndGlobalSection
EndGlobal
